Microsoft Visual Studio Solution File, Format Version 12.00
# Visual Studio Version 17
VisualStudioVersion = 17.11.35312.102
MinimumVisualStudioVersion = 10.0.40219.1
Project("{FAE04EC0-301F-11D3-BF4B-00C04F79EFBC}") = "Library.AppHost", "Library.AppHost\Library.AppHost.csproj", "{6A5CABBD-49A4-463F-BAB4-35E0A7EC5B65}"
EndProject
Project("{9A19103F-16F7-4668-BE54-9A1E7A4F7556}") = "Library.ServiceDefaults", "Library.ServiceDefaults\Library.ServiceDefaults.csproj", "{919C6CDF-4507-43D6-A038-A343CE7CB0B2}"
EndProject
Project("{9A19103F-16F7-4668-BE54-9A1E7A4F7556}") = "Library.ApiService", "Library.ApiService\Library.ApiService.csproj", "{01AF5C26-3272-495E-A83E-7732626EF275}"
EndProject
Project("{9A19103F-16F7-4668-BE54-9A1E7A4F7556}") = "Library.Web", "Library.Web\Library.Web.csproj", "{0B95AAAD-DF62-4730-A814-86D771878EF1}"
EndProject
Global
	GlobalSection(SolutionConfigurationPlatforms) = preSolution
		Debug|Any CPU = Debug|Any CPU
		Release|Any CPU = Release|Any CPU
	EndGlobalSection
	GlobalSection(ProjectConfigurationPlatforms) = postSolution
		{6A5CABBD-49A4-463F-BAB4-35E0A7EC5B65}.Debug|Any CPU.ActiveCfg = Debug|Any CPU
		{6A5CABBD-49A4-463F-BAB4-35E0A7EC5B65}.Debug|Any CPU.Build.0 = Debug|Any CPU
		{6A5CABBD-49A4-463F-BAB4-35E0A7EC5B65}.Release|Any CPU.ActiveCfg = Release|Any CPU
		{6A5CABBD-49A4-463F-BAB4-35E0A7EC5B65}.Release|Any CPU.Build.0 = Release|Any CPU
		{919C6CDF-4507-43D6-A038-A343CE7CB0B2}.Debug|Any CPU.ActiveCfg = Debug|Any CPU
		{919C6CDF-4507-43D6-A038-A343CE7CB0B2}.Debug|Any CPU.Build.0 = Debug|Any CPU
		{919C6CDF-4507-43D6-A038-A343CE7CB0B2}.Release|Any CPU.ActiveCfg = Release|Any CPU
		{919C6CDF-4507-43D6-A038-A343CE7CB0B2}.Release|Any CPU.Build.0 = Release|Any CPU
		{01AF5C26-3272-495E-A83E-7732626EF275}.Debug|Any CPU.ActiveCfg = Debug|Any CPU
		{01AF5C26-3272-495E-A83E-7732626EF275}.Debug|Any CPU.Build.0 = Debug|Any CPU
		{01AF5C26-3272-495E-A83E-7732626EF275}.Release|Any CPU.ActiveCfg = Release|Any CPU
		{01AF5C26-3272-495E-A83E-7732626EF275}.Release|Any CPU.Build.0 = Release|Any CPU
		{0B95AAAD-DF62-4730-A814-86D771878EF1}.Debug|Any CPU.ActiveCfg = Debug|Any CPU
		{0B95AAAD-DF62-4730-A814-86D771878EF1}.Debug|Any CPU.Build.0 = Debug|Any CPU
		{0B95AAAD-DF62-4730-A814-86D771878EF1}.Release|Any CPU.ActiveCfg = Release|Any CPU
		{0B95AAAD-DF62-4730-A814-86D771878EF1}.Release|Any CPU.Build.0 = Release|Any CPU
	EndGlobalSection
	GlobalSection(SolutionProperties) = preSolution
		HideSolutionNode = FALSE
	EndGlobalSection
	GlobalSection(ExtensibilityGlobals) = postSolution
		SolutionGuid = {6C702838-33A4-413A-A63A-8BEA0C76915A}
	EndGlobalSection
EndGlobal
